
Microsoft Visual Studio Solution File, Format Version 12.00
# Visual Studio Version 17
VisualStudioVersion = 17.8.34330.188
MinimumVisualStudioVersion = 10.0.40219.1
Project("{8BC9CEB8-8B4A-11D0-8D11-00A0C91BC942}") = "ZControls", "zcontrols\ZControls.vcxproj", "{EFD49909-2D1F-4F2F-9EF3-B813E50D6DA5}"
EndProject
Project("{8BC9CEB8-8B4A-11D0-8D11-00A0C91BC942}") = "kmzModel", "kmzModel\kmzModel.vcxproj", "{264F987D-E037-4235-A87A-D058B6D96147}"
EndProject
Project("{8BC9CEB8-8B4A-11D0-8D11-00A0C91BC942}") = "QBicCommon", "QBicCommon\QBicCommon.vcxproj", "{76690305-B1E8-43C4-B56F-5DC00F2852BC}"
EndProject
Project("{8BC9CEB8-8B4A-11D0-8D11-00A0C91BC942}") = "QBicWindow", "QBicWindow\QBicWindow.vcxproj", "{E93232E8-312E-47D7-8F97-DC5866E0C130}"
EndProject
Project("{8BC9CEB8-8B4A-11D0-8D11-00A0C91BC942}") = "QBicDataStructure", "QBicDataStructure\QBicDataStructure.vcxproj", "{5069D11A-7C86-499C-84AA-8CAA41E48F44}"
EndProject
Project("{8BC9CEB8-8B4A-11D0-8D11-00A0C91BC942}") = "ImTasLicenseCreater", "ImTasLicenseCreater\ImTasLicenseCreater.vcxproj", "{70959302-1676-44DF-BE7B-9D0A95BF16D2}"
EndProject
Project("{8BC9CEB8-8B4A-11D0-8D11-00A0C91BC942}") = "KLauncher", "KLauncher\KLauncher.vcxproj", "{6C9CCABB-BF35-444C-A934-3CFC7C2AC560}"
EndProject
Project("{8BC9CEB8-8B4A-11D0-8D11-00A0C91BC942}") = "muTas", "muTas\muTas.vcxproj", "{EA760B88-9F31-46AB-8652-59F09CC11775}"
EndProject
Project("{8BC9CEB8-8B4A-11D0-8D11-00A0C91BC942}") = "QBicGIS", "QBicGIS\QBicGIS.vcxproj", "{25F98F42-9356-4EB3-BD9E-03F2912E8F7E}"
EndProject
Project("{8BC9CEB8-8B4A-11D0-8D11-00A0C91BC942}") = "QBicExtStaticCLib", "QBicExtStaticCLib\QBicExtStaticCLib.vcxproj", "{F4C0D998-7D51-4CE6-816A-A1DE8B7801DC}"
EndProject
Project("{8BC9CEB8-8B4A-11D0-8D11-00A0C91BC942}") = "QBicExtStaticCppLib", "QBicExtStaticCppLib\QBicExtStaticCppLib.vcxproj", "{14FC6BF5-8A7E-44C1-B87F-1409BC79695A}"
EndProject
Project("{2150E333-8FDC-42A3-9474-1A3956D46DE8}") = "Configurations", "Configurations", "{C8D5274F-AC00-46C7-1F8D-E88E81087A52}"
	ProjectSection(SolutionItems) = preProject
		Directory.Build.props = Directory.Build.props
		Readme.txt = Readme.txt
	EndProjectSection
EndProject
Project("{2150E333-8FDC-42A3-9474-1A3956D46DE8}") = "lib", "lib", "{E6BC2C0F-FFC9-4310-A99D-9E6E96EEB331}"
EndProject
Project("{2150E333-8FDC-42A3-9474-1A3956D46DE8}") = "dll", "dll", "{8E1FD44A-9FC3-41C0-A833-0A67ECA27DB4}"
EndProject
Global
	GlobalSection(SolutionConfigurationPlatforms) = preSolution
		Unicode Debug|Win32 = Unicode Debug|Win32
		Unicode Debug|x64 = Unicode Debug|x64
		Unicode Release|Win32 = Unicode Release|Win32
		Unicode Release|x64 = Unicode Release|x64
	EndGlobalSection
	GlobalSection(ProjectConfigurationPlatforms) = postSolution
		{EFD49909-2D1F-4F2F-9EF3-B813E50D6DA5}.Unicode Debug|Win32.ActiveCfg = Unicode Debug|Win32
		{EFD49909-2D1F-4F2F-9EF3-B813E50D6DA5}.Unicode Debug|Win32.Build.0 = Unicode Debug|Win32
		{EFD49909-2D1F-4F2F-9EF3-B813E50D6DA5}.Unicode Debug|x64.ActiveCfg = Unicode Debug|x64
		{EFD49909-2D1F-4F2F-9EF3-B813E50D6DA5}.Unicode Debug|x64.Build.0 = Unicode Debug|x64
		{EFD49909-2D1F-4F2F-9EF3-B813E50D6DA5}.Unicode Release|Win32.ActiveCfg = Unicode Release|Win32
		{EFD49909-2D1F-4F2F-9EF3-B813E50D6DA5}.Unicode Release|Win32.Build.0 = Unicode Release|Win32
		{EFD49909-2D1F-4F2F-9EF3-B813E50D6DA5}.Unicode Release|x64.ActiveCfg = Unicode Release|x64
		{EFD49909-2D1F-4F2F-9EF3-B813E50D6DA5}.Unicode Release|x64.Build.0 = Unicode Release|x64
		{264F987D-E037-4235-A87A-D058B6D96147}.Unicode Debug|Win32.ActiveCfg = Unicode Debug|Win32
		{264F987D-E037-4235-A87A-D058B6D96147}.Unicode Debug|Win32.Build.0 = Unicode Debug|Win32
		{264F987D-E037-4235-A87A-D058B6D96147}.Unicode Debug|x64.ActiveCfg = Unicode Debug|x64
		{264F987D-E037-4235-A87A-D058B6D96147}.Unicode Debug|x64.Build.0 = Unicode Debug|x64
		{264F987D-E037-4235-A87A-D058B6D96147}.Unicode Release|Win32.ActiveCfg = Unicode Release|Win32
		{264F987D-E037-4235-A87A-D058B6D96147}.Unicode Release|Win32.Build.0 = Unicode Release|Win32
		{264F987D-E037-4235-A87A-D058B6D96147}.Unicode Release|x64.ActiveCfg = Unicode Release|x64
		{264F987D-E037-4235-A87A-D058B6D96147}.Unicode Release|x64.Build.0 = Unicode Release|x64
		{76690305-B1E8-43C4-B56F-5DC00F2852BC}.Unicode Debug|Win32.ActiveCfg = Unicode Debug|Win32
		{76690305-B1E8-43C4-B56F-5DC00F2852BC}.Unicode Debug|Win32.Build.0 = Unicode Debug|Win32
		{76690305-B1E8-43C4-B56F-5DC00F2852BC}.Unicode Debug|x64.ActiveCfg = Unicode Debug|x64
		{76690305-B1E8-43C4-B56F-5DC00F2852BC}.Unicode Debug|x64.Build.0 = Unicode Debug|x64
		{76690305-B1E8-43C4-B56F-5DC00F2852BC}.Unicode Release|Win32.ActiveCfg = Unicode Release|Win32
		{76690305-B1E8-43C4-B56F-5DC00F2852BC}.Unicode Release|Win32.Build.0 = Unicode Release|Win32
		{76690305-B1E8-43C4-B56F-5DC00F2852BC}.Unicode Release|x64.ActiveCfg = Unicode Release|x64
		{76690305-B1E8-43C4-B56F-5DC00F2852BC}.Unicode Release|x64.Build.0 = Unicode Release|x64
		{E93232E8-312E-47D7-8F97-DC5866E0C130}.Unicode Debug|Win32.ActiveCfg = Unicode Debug|Win32
		{E93232E8-312E-47D7-8F97-DC5866E0C130}.Unicode Debug|Win32.Build.0 = Unicode Debug|Win32
		{E93232E8-312E-47D7-8F97-DC5866E0C130}.Unicode Debug|x64.ActiveCfg = Unicode Debug|x64
		{E93232E8-312E-47D7-8F97-DC5866E0C130}.Unicode Debug|x64.Build.0 = Unicode Debug|x64
		{E93232E8-312E-47D7-8F97-DC5866E0C130}.Unicode Release|Win32.ActiveCfg = Unicode Release|Win32
		{E93232E8-312E-47D7-8F97-DC5866E0C130}.Unicode Release|Win32.Build.0 = Unicode Release|Win32
		{E93232E8-312E-47D7-8F97-DC5866E0C130}.Unicode Release|x64.ActiveCfg = Unicode Release|x64
		{E93232E8-312E-47D7-8F97-DC5866E0C130}.Unicode Release|x64.Build.0 = Unicode Release|x64
		{5069D11A-7C86-499C-84AA-8CAA41E48F44}.Unicode Debug|Win32.ActiveCfg = Unicode Debug|Win32
		{5069D11A-7C86-499C-84AA-8CAA41E48F44}.Unicode Debug|Win32.Build.0 = Unicode Debug|Win32
		{5069D11A-7C86-499C-84AA-8CAA41E48F44}.Unicode Debug|x64.ActiveCfg = Unicode Debug|x64
		{5069D11A-7C86-499C-84AA-8CAA41E48F44}.Unicode Debug|x64.Build.0 = Unicode Debug|x64
		{5069D11A-7C86-499C-84AA-8CAA41E48F44}.Unicode Release|Win32.ActiveCfg = Unicode Release|Win32
		{5069D11A-7C86-499C-84AA-8CAA41E48F44}.Unicode Release|Win32.Build.0 = Unicode Release|Win32
		{5069D11A-7C86-499C-84AA-8CAA41E48F44}.Unicode Release|x64.ActiveCfg = Unicode Release|x64
		{5069D11A-7C86-499C-84AA-8CAA41E48F44}.Unicode Release|x64.Build.0 = Unicode Release|x64
		{70959302-1676-44DF-BE7B-9D0A95BF16D2}.Unicode Debug|Win32.ActiveCfg = Unicode Debug|Win32
		{70959302-1676-44DF-BE7B-9D0A95BF16D2}.Unicode Debug|Win32.Build.0 = Unicode Debug|Win32
		{70959302-1676-44DF-BE7B-9D0A95BF16D2}.Unicode Debug|x64.ActiveCfg = Unicode Debug|x64
		{70959302-1676-44DF-BE7B-9D0A95BF16D2}.Unicode Debug|x64.Build.0 = Unicode Debug|x64
		{70959302-1676-44DF-BE7B-9D0A95BF16D2}.Unicode Release|Win32.ActiveCfg = Unicode Release|Win32
		{70959302-1676-44DF-BE7B-9D0A95BF16D2}.Unicode Release|Win32.Build.0 = Unicode Release|Win32
		{70959302-1676-44DF-BE7B-9D0A95BF16D2}.Unicode Release|x64.ActiveCfg = Unicode Release|x64
		{70959302-1676-44DF-BE7B-9D0A95BF16D2}.Unicode Release|x64.Build.0 = Unicode Release|x64
		{6C9CCABB-BF35-444C-A934-3CFC7C2AC560}.Unicode Debug|Win32.ActiveCfg = Unicode Debug|Win32
		{6C9CCABB-BF35-444C-A934-3CFC7C2AC560}.Unicode Debug|Win32.Build.0 = Unicode Debug|Win32
		{6C9CCABB-BF35-444C-A934-3CFC7C2AC560}.Unicode Debug|x64.ActiveCfg = Unicode Debug|x64
		{6C9CCABB-BF35-444C-A934-3CFC7C2AC560}.Unicode Debug|x64.Build.0 = Unicode Debug|x64
		{6C9CCABB-BF35-444C-A934-3CFC7C2AC560}.Unicode Release|Win32.ActiveCfg = Unicode Release|Win32
		{6C9CCABB-BF35-444C-A934-3CFC7C2AC560}.Unicode Release|Win32.Build.0 = Unicode Release|Win32
		{6C9CCABB-BF35-444C-A934-3CFC7C2AC560}.Unicode Release|x64.ActiveCfg = Unicode Release|x64
		{6C9CCABB-BF35-444C-A934-3CFC7C2AC560}.Unicode Release|x64.Build.0 = Unicode Release|x64
		{EA760B88-9F31-46AB-8652-59F09CC11775}.Unicode Debug|Win32.ActiveCfg = Unicode Debug|Win32
		{EA760B88-9F31-46AB-8652-59F09CC11775}.Unicode Debug|Win32.Build.0 = Unicode Debug|Win32
		{EA760B88-9F31-46AB-8652-59F09CC11775}.Unicode Debug|x64.ActiveCfg = Unicode Debug|x64
		{EA760B88-9F31-46AB-8652-59F09CC11775}.Unicode Debug|x64.Build.0 = Unicode Debug|x64
		{EA760B88-9F31-46AB-8652-59F09CC11775}.Unicode Release|Win32.ActiveCfg = Unicode Release|Win32
		{EA760B88-9F31-46AB-8652-59F09CC11775}.Unicode Release|Win32.Build.0 = Unicode Release|Win32
		{EA760B88-9F31-46AB-8652-59F09CC11775}.Unicode Release|x64.ActiveCfg = Unicode Release|x64
		{EA760B88-9F31-46AB-8652-59F09CC11775}.Unicode Release|x64.Build.0 = Unicode Release|x64
		{25F98F42-9356-4EB3-BD9E-03F2912E8F7E}.Unicode Debug|Win32.ActiveCfg = Unicode Debug|Win32
		{25F98F42-9356-4EB3-BD9E-03F2912E8F7E}.Unicode Debug|Win32.Build.0 = Unicode Debug|Win32
		{25F98F42-9356-4EB3-BD9E-03F2912E8F7E}.Unicode Debug|x64.ActiveCfg = Unicode Debug|x64
		{25F98F42-9356-4EB3-BD9E-03F2912E8F7E}.Unicode Debug|x64.Build.0 = Unicode Debug|x64
		{25F98F42-9356-4EB3-BD9E-03F2912E8F7E}.Unicode Release|Win32.ActiveCfg = Unicode Release|Win32
		{25F98F42-9356-4EB3-BD9E-03F2912E8F7E}.Unicode Release|Win32.Build.0 = Unicode Release|Win32
		{25F98F42-9356-4EB3-BD9E-03F2912E8F7E}.Unicode Release|x64.ActiveCfg = Unicode Release|x64
		{25F98F42-9356-4EB3-BD9E-03F2912E8F7E}.Unicode Release|x64.Build.0 = Unicode Release|x64
		{F4C0D998-7D51-4CE6-816A-A1DE8B7801DC}.Unicode Debug|Win32.ActiveCfg = Unicode Debug|Win32
		{F4C0D998-7D51-4CE6-816A-A1DE8B7801DC}.Unicode Debug|Win32.Build.0 = Unicode Debug|Win32
		{F4C0D998-7D51-4CE6-816A-A1DE8B7801DC}.Unicode Debug|x64.ActiveCfg = Unicode Debug|x64
		{F4C0D998-7D51-4CE6-816A-A1DE8B7801DC}.Unicode Debug|x64.Build.0 = Unicode Debug|x64
		{F4C0D998-7D51-4CE6-816A-A1DE8B7801DC}.Unicode Release|Win32.ActiveCfg = Unicode Release|Win32
		{F4C0D998-7D51-4CE6-816A-A1DE8B7801DC}.Unicode Release|Win32.Build.0 = Unicode Release|Win32
		{F4C0D998-7D51-4CE6-816A-A1DE8B7801DC}.Unicode Release|x64.ActiveCfg = Unicode Release|x64
		{F4C0D998-7D51-4CE6-816A-A1DE8B7801DC}.Unicode Release|x64.Build.0 = Unicode Release|x64
		{14FC6BF5-8A7E-44C1-B87F-1409BC79695A}.Unicode Debug|Win32.ActiveCfg = Unicode Debug|Win32
		{14FC6BF5-8A7E-44C1-B87F-1409BC79695A}.Unicode Debug|Win32.Build.0 = Unicode Debug|Win32
		{14FC6BF5-8A7E-44C1-B87F-1409BC79695A}.Unicode Debug|x64.ActiveCfg = Unicode Debug|x64
		{14FC6BF5-8A7E-44C1-B87F-1409BC79695A}.Unicode Debug|x64.Build.0 = Unicode Debug|x64
		{14FC6BF5-8A7E-44C1-B87F-1409BC79695A}.Unicode Release|Win32.ActiveCfg = Unicode Release|Win32
		{14FC6BF5-8A7E-44C1-B87F-1409BC79695A}.Unicode Release|Win32.Build.0 = Unicode Release|Win32
		{14FC6BF5-8A7E-44C1-B87F-1409BC79695A}.Unicode Release|x64.ActiveCfg = Unicode Release|x64
		{14FC6BF5-8A7E-44C1-B87F-1409BC79695A}.Unicode Release|x64.Build.0 = Unicode Release|x64
	EndGlobalSection
	GlobalSection(SolutionProperties) = preSolution
		HideSolutionNode = FALSE
	EndGlobalSection
	GlobalSection(NestedProjects) = preSolution
		{EFD49909-2D1F-4F2F-9EF3-B813E50D6DA5} = {8E1FD44A-9FC3-41C0-A833-0A67ECA27DB4}
		{76690305-B1E8-43C4-B56F-5DC00F2852BC} = {8E1FD44A-9FC3-41C0-A833-0A67ECA27DB4}
		{E93232E8-312E-47D7-8F97-DC5866E0C130} = {8E1FD44A-9FC3-41C0-A833-0A67ECA27DB4}
		{5069D11A-7C86-499C-84AA-8CAA41E48F44} = {E6BC2C0F-FFC9-4310-A99D-9E6E96EEB331}
		{25F98F42-9356-4EB3-BD9E-03F2912E8F7E} = {8E1FD44A-9FC3-41C0-A833-0A67ECA27DB4}
		{F4C0D998-7D51-4CE6-816A-A1DE8B7801DC} = {E6BC2C0F-FFC9-4310-A99D-9E6E96EEB331}
		{14FC6BF5-8A7E-44C1-B87F-1409BC79695A} = {E6BC2C0F-FFC9-4310-A99D-9E6E96EEB331}
	EndGlobalSection
	GlobalSection(ExtensibilityGlobals) = postSolution
		SolutionGuid = {636FBE14-B7AA-4301-B532-1ED8DABC6ED1}
	EndGlobalSection
	GlobalSection(SubversionScc) = preSolution
		Svn-Managed = True
		Manager = AnkhSVN - Subversion Support for Visual Studio
	EndGlobalSection
EndGlobal
